
Microsoft Visual Studio Solution File, Format Version 12.00
# Visual Studio Version 16
VisualStudioVersion = 16.0.29411.108
MinimumVisualStudioVersion = 10.0.40219.1
Project("{FAE04EC0-301F-11D3-BF4B-00C04F79EFBC}") = "SmaAuthorizationService", "SmaAuthorizationService\SmaAuthorizationService.csproj", "{DDAC0EE3-AE1E-40A1-BFEE-93281ACB97C3}"
EndProject
Project("{2150E333-8FDC-42A3-9474-1A3956D46DE8}") = "base", "base", "{3AB858E1-2300-4927-8D86-6CBE38994FE6}"
EndProject
Project("{9A19103F-16F7-4668-BE54-9A1E7A4F7556}") = "DbWrapperCore", "..\..\CommonProjects\CommonProjects\DbWrapperCore\DbWrapperCore.csproj", "{D9421017-DBE7-4F44-BAFF-CDAB038002BD}"
EndProject
Project("{9A19103F-16F7-4668-BE54-9A1E7A4F7556}") = "MySqlWrapper", "..\..\CommonProjects\CommonProjects\MySqlWrapper\MySqlWrapper.csproj", "{82BC5BFA-A4D5-4CD2-B610-50FC4FB582AA}"
EndProject
Project("{9A19103F-16F7-4668-BE54-9A1E7A4F7556}") = "AuthCommonLib", "..\..\CommonProjects\CommonProjects\AuthCommonLib\AuthCommonLib.csproj", "{1EFAB3D9-D697-4595-B830-6137FBE95CCA}"
EndProject
Global
	GlobalSection(SolutionConfigurationPlatforms) = preSolution
		Debug|Any CPU = Debug|Any CPU
		Release|Any CPU = Release|Any CPU
	EndGlobalSection
	GlobalSection(ProjectConfigurationPlatforms) = postSolution
		{DDAC0EE3-AE1E-40A1-BFEE-93281ACB97C3}.Debug|Any CPU.ActiveCfg = Debug|Any CPU
		{DDAC0EE3-AE1E-40A1-BFEE-93281ACB97C3}.Debug|Any CPU.Build.0 = Debug|Any CPU
		{DDAC0EE3-AE1E-40A1-BFEE-93281ACB97C3}.Release|Any CPU.ActiveCfg = Release|Any CPU
		{DDAC0EE3-AE1E-40A1-BFEE-93281ACB97C3}.Release|Any CPU.Build.0 = Release|Any CPU
		{D9421017-DBE7-4F44-BAFF-CDAB038002BD}.Debug|Any CPU.ActiveCfg = Debug|Any CPU
		{D9421017-DBE7-4F44-BAFF-CDAB038002BD}.Debug|Any CPU.Build.0 = Debug|Any CPU
		{D9421017-DBE7-4F44-BAFF-CDAB038002BD}.Release|Any CPU.ActiveCfg = Release|Any CPU
		{D9421017-DBE7-4F44-BAFF-CDAB038002BD}.Release|Any CPU.Build.0 = Release|Any CPU
		{82BC5BFA-A4D5-4CD2-B610-50FC4FB582AA}.Debug|Any CPU.ActiveCfg = Debug|Any CPU
		{82BC5BFA-A4D5-4CD2-B610-50FC4FB582AA}.Debug|Any CPU.Build.0 = Debug|Any CPU
		{82BC5BFA-A4D5-4CD2-B610-50FC4FB582AA}.Release|Any CPU.ActiveCfg = Release|Any CPU
		{82BC5BFA-A4D5-4CD2-B610-50FC4FB582AA}.Release|Any CPU.Build.0 = Release|Any CPU
		{1EFAB3D9-D697-4595-B830-6137FBE95CCA}.Debug|Any CPU.ActiveCfg = Debug|Any CPU
		{1EFAB3D9-D697-4595-B830-6137FBE95CCA}.Debug|Any CPU.Build.0 = Debug|Any CPU
		{1EFAB3D9-D697-4595-B830-6137FBE95CCA}.Release|Any CPU.ActiveCfg = Release|Any CPU
		{1EFAB3D9-D697-4595-B830-6137FBE95CCA}.Release|Any CPU.Build.0 = Release|Any CPU
	EndGlobalSection
	GlobalSection(SolutionProperties) = preSolution
		HideSolutionNode = FALSE
	EndGlobalSection
	GlobalSection(NestedProjects) = preSolution
		{D9421017-DBE7-4F44-BAFF-CDAB038002BD} = {3AB858E1-2300-4927-8D86-6CBE38994FE6}
		{82BC5BFA-A4D5-4CD2-B610-50FC4FB582AA} = {3AB858E1-2300-4927-8D86-6CBE38994FE6}
		{1EFAB3D9-D697-4595-B830-6137FBE95CCA} = {3AB858E1-2300-4927-8D86-6CBE38994FE6}
	EndGlobalSection
	GlobalSection(ExtensibilityGlobals) = postSolution
		SolutionGuid = {9FE857E5-EE14-401F-B2A4-EE968E6AFFE2}
	EndGlobalSection
EndGlobal
